
Microsoft Visual Studio Solution File, Format Version 12.00
# Visual Studio Version 17
VisualStudioVersion = 17.5.002.0
MinimumVisualStudioVersion = 10.0.40219.1
Project("{9A19103F-16F7-4668-BE54-9A1E7A4F7556}") = "CryBar", "CryBar\CryBar.csproj", "{692ADBFC-FE1B-40F0-9F55-0C2338FBB8F9}"
EndProject
Project("{9A19103F-16F7-4668-BE54-9A1E7A4F7556}") = "CryBarEditor", "CryBarEditor\CryBarEditor.csproj", "{8384D0A9-6EA6-4E30-8106-BA4F92DF3746}"
EndProject
Global
	GlobalSection(SolutionConfigurationPlatforms) = preSolution
		Debug|Any CPU = Debug|Any CPU
		Release|Any CPU = Release|Any CPU
	EndGlobalSection
	GlobalSection(ProjectConfigurationPlatforms) = postSolution
		{692ADBFC-FE1B-40F0-9F55-0C2338FBB8F9}.Debug|Any CPU.ActiveCfg = Debug|Any CPU
		{692ADBFC-FE1B-40F0-9F55-0C2338FBB8F9}.Debug|Any CPU.Build.0 = Debug|Any CPU
		{692ADBFC-FE1B-40F0-9F55-0C2338FBB8F9}.Release|Any CPU.ActiveCfg = Release|Any CPU
		{692ADBFC-FE1B-40F0-9F55-0C2338FBB8F9}.Release|Any CPU.Build.0 = Release|Any CPU
		{8384D0A9-6EA6-4E30-8106-BA4F92DF3746}.Debug|Any CPU.ActiveCfg = Debug|Any CPU
		{8384D0A9-6EA6-4E30-8106-BA4F92DF3746}.Debug|Any CPU.Build.0 = Debug|Any CPU
		{8384D0A9-6EA6-4E30-8106-BA4F92DF3746}.Release|Any CPU.ActiveCfg = Release|Any CPU
		{8384D0A9-6EA6-4E30-8106-BA4F92DF3746}.Release|Any CPU.Build.0 = Release|Any CPU
	EndGlobalSection
	GlobalSection(SolutionProperties) = preSolution
		HideSolutionNode = FALSE
	EndGlobalSection
	GlobalSection(ExtensibilityGlobals) = postSolution
		SolutionGuid = {21ED4A48-6FB8-4B5D-9285-866F399FF00D}
	EndGlobalSection
EndGlobal
